
Microsoft Visual Studio Solution File, Format Version 12.00
# Visual Studio 15
VisualStudioVersion = 15.0.28307.1300
MinimumVisualStudioVersion = 10.0.40219.1
Project("{FAE04EC0-301F-11D3-BF4B-00C04F79EFBC}") = "AutomationPracitce", "AutomationPracitce\AutomationPracitce.csproj", "{68999E33-269B-40EF-B178-870BD8CDAFD6}"
EndProject
Global
	GlobalSection(SolutionConfigurationPlatforms) = preSolution
		Debug|Any CPU = Debug|Any CPU
		Release|Any CPU = Release|Any CPU
	EndGlobalSection
	GlobalSection(ProjectConfigurationPlatforms) = postSolution
		{68999E33-269B-40EF-B178-870BD8CDAFD6}.Debug|Any CPU.ActiveCfg = Debug|Any CPU
		{68999E33-269B-40EF-B178-870BD8CDAFD6}.Debug|Any CPU.Build.0 = Debug|Any CPU
		{68999E33-269B-40EF-B178-870BD8CDAFD6}.Release|Any CPU.ActiveCfg = Release|Any CPU
		{68999E33-269B-40EF-B178-870BD8CDAFD6}.Release|Any CPU.Build.0 = Release|Any CPU
	EndGlobalSection
	GlobalSection(SolutionProperties) = preSolution
		HideSolutionNode = FALSE
	EndGlobalSection
	GlobalSection(ExtensibilityGlobals) = postSolution
		SolutionGuid = {3332DBE4-F604-4BF0-9455-4BDA1894CEEE}
	EndGlobalSection
EndGlobal
